# This file is autogenerated, do not edit; changes may be undone by the next 'dep ensure'.


[[projects]]
  digest = "1:0e3c30694c9f3c284136c22a733cd119f6d7144a1e436eadfd1e5b9cdbeeefdf"
  name = "github.com/Financial-Times/go-fthealth"
  packages = ["v1_1"]
  pruneopts = "UT"
  revision = "1b007e2b37b7936dfb6671fa17e5a29fd35a08ea"
  version = "0.4.0"

[[projects]]
  digest = "1:92da547d0414ad8a3f1a405503ee9b103cb87f5beabc52ef907f712f2ee1caf2"
  name = "github.com/Financial-Times/http-handlers-go"
  packages = ["httphandlers"]
  pruneopts = "UT"
  revision = "229ac16f1d9ec9bca485d2dafb9ec14dc7e9ba24"
  version = "0.1.1"

[[projects]]
  digest = "1:5134793138010b9c41b6b83e8a07f8ee8652e03d24cd2fe5945984d4a5f56f95"
  name = "github.com/Financial-Times/kafka-client-go"
  packages = ["kafka"]
  pruneopts = "UT"
  revision = "4ad8d69b0ab2186062b3dee19107dc3301432a16"
  version = "0.6.0"

[[projects]]
  digest = "1:79842a99b682a84375be78f0c6ba316d784eb347f8db2354c3a68fee39a497da"
  name = "github.com/Financial-Times/service-status-go"
  packages = [
    "buildinfo",
    "gtg",
    "httphandlers",
  ]
  pruneopts = "UT"
  revision = "3f5199736a3d7ae52394c63aac36834786825e21"
  version = "0.1.0"

[[projects]]
  digest = "1:38212fc0030b89d7be55aaf67bb91b273a4a14a026a3cee24b5e832ffe7e56ff"
  name = "github.com/Financial-Times/transactionid-utils-go"
  packages = ["."]
  pruneopts = "UT"
  revision = "df2f00c734957c9dd651ce23ab0e0902504c7636"
  version = "v0.2.0"

[[projects]]
  digest = "1:1d25ac014e55eddf2ff9d2dac2c4e52ebb8227bc7ab9d70077f51e13b5bc516b"
  name = "github.com/Financial-Times/uuid-utils-go"
  packages = ["."]
  pruneopts = "UT"
  revision = "a9db2d97524262a99960012d62b817cfee284a60"

[[projects]]
  digest = "1:db33c1479cd2f0e1fc749b4c3554a1c1f0c799707693000d89facc236967f391"
  name = "github.com/Shopify/sarama"
  packages = ["."]
  pruneopts = "UT"
  revision = "f0c32558d5e8d914b3de1a6f504e2ca88aaa40c4"

[[projects]]
  digest = "1:1f7f77f3320fee4b173abc1fbbafc7ce17c99dfd0bf79ce080c0bf73a83c31f8"
  name = "github.com/davecgh/go-spew"
  packages = ["spew"]
  pruneopts = "UT"
  revision = "ecdeabc65495df2dec95d7c4a4c3e021903035e5"

[[projects]]
  digest = "1:1f0c7ab489b407a7f8f9ad16c25a504d28ab461517a971d341388a56156c1bd7"
  name = "github.com/eapache/go-resiliency"
  packages = ["breaker"]
  pruneopts = "UT"
  revision = "ef9aaa7ea8bd2448429af1a77cf41b2b3b34bdd6"

[[projects]]
  digest = "1:2b55f08306f24f60dab51e006c1890db08d34ccc1b92c53a08a1a6e7792e3eb8"
  name = "github.com/eapache/go-xerial-snappy"
  packages = ["."]
  pruneopts = "UT"
  revision = "bb955e01b9346ac19dc29eb16586c90ded99a98c"

[[projects]]
  digest = "1:444b82bfe35c83bbcaf84e310fb81a1f9ece03edfed586483c869e2c046aef69"
  name = "github.com/eapache/queue"
  packages = ["."]
  pruneopts = "UT"
  revision = "44cc805cf13205b55f69e14bcb69867d1ae92f98"
  version = "v1.1.0"

[[projects]]
  digest = "1:29a5ab9fa9e845fd8e8726f31b187d710afd271ef1eb32085fe3d604b7e06382"
  name = "github.com/golang/snappy"
  packages = ["."]
  pruneopts = "UT"
  revision = "553a641470496b2327abcac10b36396bd98e45c9"

[[projects]]
  digest = "1:c79fb010be38a59d657c48c6ba1d003a8aa651fa56b579d959d74573b7dff8e1"
  name = "github.com/gorilla/context"
  packages = ["."]
  pruneopts = "UT"
  revision = "08b5f424b9271eedf6f9f0ce86cb9396ed337a42"
  version = "v1.1.1"

[[projects]]
  digest = "1:185a43b59a1f4e7ad4e7ccafb8a1538193d897a2a75be16dda093ec42ad231cf"
  name = "github.com/gorilla/handlers"
  packages = ["."]
  pruneopts = "UT"
  revision = "90663712d74cb411cbef281bc1e08c19d1a76145"
  version = "v1.3.0"

[[projects]]
  digest = "1:368ab5adfce0dd0a8900bee1805b50bb5cf238731f1befe3931790ab96f9b8ed"
  name = "github.com/gorilla/mux"
  packages = ["."]
  pruneopts = "UT"
  revision = "5bbbb5b2b5729b132181cc7f4aa3b3c973e9a0ed"

[[projects]]
  digest = "1:e4d5ee2b25927d97e077a7f9ec3f78a72d1385e36e0152b272f4834ba94e1e78"
  name = "github.com/hashicorp/go-version"
  packages = ["."]
  pruneopts = "UT"
  revision = "4fe82ae3040f80a03d04d2cccb5606a626b8e1ee"

[[projects]]
  digest = "1:8cb68475988d317ec33f7d376ea1a0025671a94be51a7f125e4332db090e32a0"
  name = "github.com/jawher/mow.cli"
  packages = [
    ".",
    "internal/container",
    "internal/flow",
    "internal/fsm",
    "internal/lexer",
    "internal/matcher",
    "internal/parser",
    "internal/values",
  ]
  pruneopts = "UT"
  revision = "3ff64ca21987cfa628bd8d1865162b7ccd6107d7"

[[projects]]
  digest = "1:dffb10ba65afeeb5ed9322953cb6fa2fbeac5b1f2e3904bf6c91d7bfc7c75824"
  name = "github.com/joho/godotenv"
  packages = [
    ".",
    "autoload",
  ]
  pruneopts = "UT"
  revision = "06e67b5ef3bef2e1a8696e1c04b94b44cbc5d9a5"

[[projects]]
  digest = "1:79ac976292db2245f4e0e38810a4d936807d66ce1455e6c1fc4b7bd62c595cec"
  name = "github.com/pborman/uuid"
  packages = ["."]
  pruneopts = "UT"
  revision = "e533369306653d193b93dae055f6083cbf8ba54f"

[[projects]]
  digest = "1:34833843589f17bb48234a8cdd36b1038aed85a09d60e30fc73891b7d89b6c1d"
  name = "github.com/pierrec/lz4"
  packages = ["."]
  pruneopts = "UT"
  revision = "2fcda4cb7018ce05a25959d2fe08c83e3329f169"
  version = "v1.1"

[[projects]]
  digest = "1:5272d5bcf91d1db46fc9528f706019533f1b390b94b122cff427162bc5009e40"
  name = "github.com/pierrec/xxHash"
  packages = ["xxHash32"]
  pruneopts = "UT"
  revision = "a0006b13c722f7f12368c00a3d3c2ae8a999a0c6"

[[projects]]
  digest = "1:be5a31c22ef895e30d6123413a0bea6e1980dbf7d5c67d741d9a8cf267836186"
  name = "github.com/pkg/errors"
  packages = ["."]
  pruneopts = "UT"
  revision = "e881fd58d78e04cf6d0de1217f8707c8cc2249bc"

[[projects]]
  digest = "1:0028cb19b2e4c3112225cd871870f2d9cf49b9b4276531f03438a88e94be86fe"
  name = "github.com/pmezard/go-difflib"
  packages = ["difflib"]
  pruneopts = "UT"
  revision = "792786c7400a136282c1664665ae0a8db921c6c2"
  version = "v1.0.0"

[[projects]]
  digest = "1:ed2aa78f23d3ea314c6abdd1763f8635d9b8d1556d87bb867559b45e471c1ed3"
  name = "github.com/rcrowley/go-metrics"
  packages = ["."]
  pruneopts = "UT"
  revision = "e181e095bae94582363434144c61a9653aff6e50"

[[projects]]
  digest = "1:90d97b739fa8fd93b00a3a7a896cf8e4af5f2ee301f9b638670cb074b8fcd315"
  name = "github.com/samuel/go-zookeeper"
  packages = ["zk"]
  pruneopts = "UT"
  revision = "471cd4e61d7a78ece1791fa5faa0345dc8c7d5a5"

[[projects]]
  digest = "1:5622116f2c79239f2d25d47b881e14f96a8b8c17b63b8a8326a38ee1a332b007"
  name = "github.com/sirupsen/logrus"
  packages = ["."]
  pruneopts = "UT"
  revision = "d682213848ed68c0a260ca37d6dd5ace8423f5ba"
  version = "v1.0.4"

[[projects]]
  digest = "1:25f2747b063c0a656195ef85413cef8c9f2bbe128deab7d39563a6ca1e536070"
  name = "github.com/stretchr/testify"
  packages = ["assert"]
  pruneopts = "UT"
  revision = "69483b4bd14f5845b5a1e55bca19e954e827f1d0"
  version = "v1.1.4"

[[projects]]
  digest = "1:981fe66c332248711bafe3b5033e939cfd175e897e20a14905d4fcdc0fd68f59"
  name = "github.com/willf/bitset"
  packages = ["."]
  pruneopts = "UT"
  revision = "1a37ad96e8c1a11b20900a232874843b5174221f"

[[projects]]
  branch = "master"
  digest = "1:a23f411da857489f7309bba29f483d7c4b61b505c21ce59f4d9e5b80faccff06"
  name = "github.com/wvanbergen/kafka"
  packages = ["consumergroup"]
  pruneopts = "UT"
  revision = "e2edea948ddfee841ea9a263b32ccca15f7d6c2f"

[[projects]]
  digest = "1:e694213fa96417ad0944e4e8fc30a0f736a742b6b7afe0846a30379d45a04a9c"
  name = "github.com/wvanbergen/kazoo-go"
  packages = ["."]
  pruneopts = "UT"
  revision = "494a179ad10a1a52daa7536a82cc215bc728c399"

[[projects]]
  digest = "1:707ec3bb6ccc1cd330b8789467fa6cd8dad40f63fed028ba777a6c2ca13a9838"
  name = "golang.org/x/crypto"
  packages = ["ssh/terminal"]
  pruneopts = "UT"
  revision = "0fcca4842a8d74bfddc2c96a073bd2a4d2a7a2e8"

[[projects]]
  digest = "1:76ee51c3f468493aff39dbacc401e8831fbb765104cbf613b89bef01cf4bad70"
  name = "golang.org/x/net"
  packages = ["context"]
  pruneopts = "UT"
  revision = "434ec0c7fe3742c984919a691b2018a6e9694425"

[[projects]]
  digest = "1:c020561b1c859a5f70d6dafd36fcbd269ac683e15c384bb36fdde3dca2c2c325"
  name = "golang.org/x/sys"
  packages = [
    "unix",
    "windows",
  ]
  pruneopts = "UT"
  revision = "810d7000345868fc619eb81f46307107118f4ae1"

[solve-meta]
  analyzer-name = "dep"
  analyzer-version = 1
  input-imports = [
    "github.com/Financial-Times/go-fthealth/v1_1",
    "github.com/Financial-Times/http-handlers-go/httphandlers",
    "github.com/Financial-Times/kafka-client-go/kafka",
    "github.com/Financial-Times/service-status-go/gtg",
    "github.com/Financial-Times/service-status-go/httphandlers",
    "github.com/Financial-Times/transactionid-utils-go",
    "github.com/Financial-Times/uuid-utils-go",
    "github.com/gorilla/handlers",
    "github.com/gorilla/mux",
    "github.com/jawher/mow.cli",
    "github.com/joho/godotenv/autoload",
    "github.com/pborman/uuid",
    "github.com/rcrowley/go-metrics",
    "github.com/sirupsen/logrus",
    "github.com/stretchr/testify/assert",
  ]
  solver-name = "gps-cdcl"
  solver-version = 1
